
Microsoft Visual Studio Solution File, Format Version 12.00
# Visual Studio Version 16
VisualStudioVersion = 16.0.32126.315
MinimumVisualStudioVersion = 10.0.40219.1
Project("{FAE04EC0-301F-11D3-BF4B-00C04F79EFBC}") = "recuperacao", "recuperacao\recuperacao.csproj", "{CF6458F4-53AC-44D9-A728-E90D6753C3EE}"
EndProject
Global
	GlobalSection(SolutionConfigurationPlatforms) = preSolution
		Debug|Any CPU = Debug|Any CPU
		Release|Any CPU = Release|Any CPU
	EndGlobalSection
	GlobalSection(ProjectConfigurationPlatforms) = postSolution
		{CF6458F4-53AC-44D9-A728-E90D6753C3EE}.Debug|Any CPU.ActiveCfg = Debug|Any CPU
		{CF6458F4-53AC-44D9-A728-E90D6753C3EE}.Debug|Any CPU.Build.0 = Debug|Any CPU
		{CF6458F4-53AC-44D9-A728-E90D6753C3EE}.Release|Any CPU.ActiveCfg = Release|Any CPU
		{CF6458F4-53AC-44D9-A728-E90D6753C3EE}.Release|Any CPU.Build.0 = Release|Any CPU
	EndGlobalSection
	GlobalSection(SolutionProperties) = preSolution
		HideSolutionNode = FALSE
	EndGlobalSection
	GlobalSection(ExtensibilityGlobals) = postSolution
		SolutionGuid = {F93FE400-DA27-4631-B2C7-F40414951D6B}
	EndGlobalSection
EndGlobal
